
Microsoft Visual Studio Solution File, Format Version 12.00
# Visual Studio Version 16
VisualStudioVersion = 16.0.29519.181
MinimumVisualStudioVersion = 10.0.40219.1
Project("{F184B08F-C81C-45F6-A57F-5ABD9991F28F}") = "Locadora", "Locadora\Locadora.vbproj", "{E8900E41-3CEB-4D7E-A04A-EBE26B0350B2}"
EndProject
Global
	GlobalSection(SolutionConfigurationPlatforms) = preSolution
		Debug|Any CPU = Debug|Any CPU
		Release|Any CPU = Release|Any CPU
	EndGlobalSection
	GlobalSection(ProjectConfigurationPlatforms) = postSolution
		{E8900E41-3CEB-4D7E-A04A-EBE26B0350B2}.Debug|Any CPU.ActiveCfg = Debug|Any CPU
		{E8900E41-3CEB-4D7E-A04A-EBE26B0350B2}.Debug|Any CPU.Build.0 = Debug|Any CPU
		{E8900E41-3CEB-4D7E-A04A-EBE26B0350B2}.Release|Any CPU.ActiveCfg = Release|Any CPU
		{E8900E41-3CEB-4D7E-A04A-EBE26B0350B2}.Release|Any CPU.Build.0 = Release|Any CPU
	EndGlobalSection
	GlobalSection(SolutionProperties) = preSolution
		HideSolutionNode = FALSE
	EndGlobalSection
	GlobalSection(ExtensibilityGlobals) = postSolution
		SolutionGuid = {1C0E8056-C76B-4ACD-BA70-213C6E896540}
	EndGlobalSection
EndGlobal
